
Microsoft Visual Studio Solution File, Format Version 12.00
# Visual Studio Version 16
VisualStudioVersion = 16.0.29521.150
MinimumVisualStudioVersion = 10.0.40219.1
Project("{FAE04EC0-301F-11D3-BF4B-00C04F79EFBC}") = "CW-Internal-Hack", "CW-Internal-Hack.csproj", "{334E9B78-3FA4-4F83-B0C3-6FA043D51FA3}"
EndProject
Global
	GlobalSection(SolutionConfigurationPlatforms) = preSolution
		Debug|Any CPU = Debug|Any CPU
		Release|Any CPU = Release|Any CPU
	EndGlobalSection
	GlobalSection(ProjectConfigurationPlatforms) = postSolution
		{334E9B78-3FA4-4F83-B0C3-6FA043D51FA3}.Debug|Any CPU.ActiveCfg = Debug|Any CPU
		{334E9B78-3FA4-4F83-B0C3-6FA043D51FA3}.Debug|Any CPU.Build.0 = Debug|Any CPU
		{334E9B78-3FA4-4F83-B0C3-6FA043D51FA3}.Release|Any CPU.ActiveCfg = Release|Any CPU
		{334E9B78-3FA4-4F83-B0C3-6FA043D51FA3}.Release|Any CPU.Build.0 = Release|Any CPU
	EndGlobalSection
	GlobalSection(SolutionProperties) = preSolution
		HideSolutionNode = FALSE
	EndGlobalSection
	GlobalSection(ExtensibilityGlobals) = postSolution
		SolutionGuid = {A0D60911-A1B3-4630-835D-B348BC32FCD2}
	EndGlobalSection
EndGlobal
